// !$*UTF8*$!
{
	archiveVersion = 1;
	classes = {
	};
	objectVersion = 56;
	objects = {

/* Begin PBXBuildFile section */
		213DA4732AF9DC3500C2317D /* SweetTreatsApp.swift in Sources */ = {isa = PBXBuildFile; fileRef = 213DA4722AF9DC3500C2317D /* SweetTreatsApp.swift */; };
		213DA4752AF9DC3500C2317D /* ContentView.swift in Sources */ = {isa = PBXBuildFile; fileRef = 213DA4742AF9DC3500C2317D /* ContentView.swift */; };
		213DA4772AF9DC3600C2317D /* Assets.xcassets in Resources */ = {isa = PBXBuildFile; fileRef = 213DA4762AF9DC3600C2317D /* Assets.xcassets */; };
		213DA47A2AF9DC3600C2317D /* Preview Assets.xcassets in Resources */ = {isa = PBXBuildFile; fileRef = 213DA4792AF9DC3600C2317D /* Preview Assets.xcassets */; };
		213DA4812AF9DE1E00C2317D /* AllDessertsView.swift in Sources */ = {isa = PBXBuildFile; fileRef = 213DA4802AF9DE1E00C2317D /* AllDessertsView.swift */; };
		213DA4832AF9DEA500C2317D /* RecipeView.swift in Sources */ = {isa = PBXBuildFile; fileRef = 213DA4822AF9DEA500C2317D /* RecipeView.swift */; };
		213DA4852AF9E0C600C2317D /* ShoppingView.swift in Sources */ = {isa = PBXBuildFile; fileRef = 213DA4842AF9E0C600C2317D /* ShoppingView.swift */; };
		213DA4882AF9EED700C2317D /* DessertCard.swift in Sources */ = {isa = PBXBuildFile; fileRef = 213DA4872AF9EED700C2317D /* DessertCard.swift */; };
		213DA48F2AFAE3EF00C2317D /* DessertModel.swift in Sources */ = {isa = PBXBuildFile; fileRef = 213DA48E2AFAE3EF00C2317D /* DessertModel.swift */; };
		213DA4912AFAE95600C2317D /* DessertDetailView.swift in Sources */ = {isa = PBXBuildFile; fileRef = 213DA4902AFAE95600C2317D /* DessertDetailView.swift */; };
/* End PBXBuildFile section */

/* Begin PBXFileReference section */
		213DA46F2AF9DC3500C2317D /* SweetTreats.app */ = {isa = PBXFileReference; explicitFileType = wrapper.application; includeInIndex = 0; path = SweetTreats.app; sourceTree = BUILT_PRODUCTS_DIR; };
		213DA4722AF9DC3500C2317D /* SweetTreatsApp.swift */ = {isa = PBXFileReference; lastKnownFileType = sourcecode.swift; path = SweetTreatsApp.swift; sourceTree = "<group>"; };
		213DA4742AF9DC3500C2317D /* ContentView.swift */ = {isa = PBXFileReference; lastKnownFileType = sourcecode.swift; path = ContentView.swift; sourceTree = "<group>"; };
		213DA4762AF9DC3600C2317D /* Assets.xcassets */ = {isa = PBXFileReference; lastKnownFileType = folder.assetcatalog; path = Assets.xcassets; sourceTree = "<group>"; };
		213DA4792AF9DC3600C2317D /* Preview Assets.xcassets */ = {isa = PBXFileReference; lastKnownFileType = folder.assetcatalog; path = "Preview Assets.xcassets"; sourceTree = "<group>"; };
		213DA4802AF9DE1E00C2317D /* AllDessertsView.swift */ = {isa = PBXFileReference; lastKnownFileType = sourcecode.swift; path = AllDessertsView.swift; sourceTree = "<group>"; };
		213DA4822AF9DEA500C2317D /* RecipeView.swift */ = {isa = PBXFileReference; lastKnownFileType = sourcecode.swift; path = RecipeView.swift; sourceTree = "<group>"; };
		213DA4842AF9E0C600C2317D /* ShoppingView.swift */ = {isa = PBXFileReference; lastKnownFileType = sourcecode.swift; path = ShoppingView.swift; sourceTree = "<group>"; };
		213DA4872AF9EED700C2317D /* DessertCard.swift */ = {isa = PBXFileReference; lastKnownFileType = sourcecode.swift; path = DessertCard.swift; sourceTree = "<group>"; };
		213DA48E2AFAE3EF00C2317D /* DessertModel.swift */ = {isa = PBXFileReference; lastKnownFileType = sourcecode.swift; path = DessertModel.swift; sourceTree = "<group>"; };
		213DA4902AFAE95600C2317D /* DessertDetailView.swift */ = {isa = PBXFileReference; lastKnownFileType = sourcecode.swift; path = DessertDetailView.swift; sourceTree = "<group>"; };
/* End PBXFileReference section */

/* Begin PBXFrameworksBuildPhase section */
		213DA46C2AF9DC3500C2317D /* Frameworks */ = {
			isa = PBXFrameworksBuildPhase;
			buildActionMask = 2147483647;
			files = (
			);
			runOnlyForDeploymentPostprocessing = 0;
		};
/* End PBXFrameworksBuildPhase section */

/* Begin PBXGroup section */
		213DA4662AF9DC3500C2317D = {
			isa = PBXGroup;
			children = (
				213DA4712AF9DC3500C2317D /* SweetTreats */,
				213DA4702AF9DC3500C2317D /* Products */,
			);
			sourceTree = "<group>";
		};
		213DA4702AF9DC3500C2317D /* Products */ = {
			isa = PBXGroup;
			children = (
				213DA46F2AF9DC3500C2317D /* SweetTreats.app */,
			);
			name = Products;
			sourceTree = "<group>";
		};
		213DA4712AF9DC3500C2317D /* SweetTreats */ = {
			isa = PBXGroup;
			children = (
				213DA48B2AFA006600C2317D /* RECIPES */,
				213DA4862AF9EE8D00C2317D /* DESSERTS */,
				213DA4722AF9DC3500C2317D /* SweetTreatsApp.swift */,
				213DA4742AF9DC3500C2317D /* ContentView.swift */,
				213DA4842AF9E0C600C2317D /* ShoppingView.swift */,
				213DA4762AF9DC3600C2317D /* Assets.xcassets */,
				213DA4782AF9DC3600C2317D /* Preview Content */,
			);
			path = SweetTreats;
			sourceTree = "<group>";
		};
		213DA4782AF9DC3600C2317D /* Preview Content */ = {
			isa = PBXGroup;
			children = (
				213DA4792AF9DC3600C2317D /* Preview Assets.xcassets */,
			);
			path = "Preview Content";
			sourceTree = "<group>";
		};
		213DA4862AF9EE8D00C2317D /* DESSERTS */ = {
			isa = PBXGroup;
			children = (
				213DA4802AF9DE1E00C2317D /* AllDessertsView.swift */,
				213DA4872AF9EED700C2317D /* DessertCard.swift */,
				213DA48E2AFAE3EF00C2317D /* DessertModel.swift */,
				213DA4902AFAE95600C2317D /* DessertDetailView.swift */,
			);
			path = DESSERTS;
			sourceTree = "<group>";
		};
		213DA48B2AFA006600C2317D /* RECIPES */ = {
			isa = PBXGroup;
			children = (
				213DA4822AF9DEA500C2317D /* RecipeView.swift */,
			);
			path = RECIPES;
			sourceTree = "<group>";
		};
/* End PBXGroup section */

/* Begin PBXNativeTarget section */
		213DA46E2AF9DC3500C2317D /* SweetTreats */ = {
			isa = PBXNativeTarget;
			buildConfigurationList = 213DA47D2AF9DC3600C2317D /* Build configuration list for PBXNativeTarget "SweetTreats" */;
			buildPhases = (
				213DA46B2AF9DC3500C2317D /* Sources */,
				213DA46C2AF9DC3500C2317D /* Frameworks */,
				213DA46D2AF9DC3500C2317D /* Resources */,
			);
			buildRules = (
			);
			dependencies = (
			);
			name = SweetTreats;
			productName = SweetTreats;
			productReference = 213DA46F2AF9DC3500C2317D /* SweetTreats.app */;
			productType = "com.apple.product-type.application";
		};
/* End PBXNativeTarget section */

/* Begin PBXProject section */
		213DA4672AF9DC3500C2317D /* Project object */ = {
			isa = PBXProject;
			attributes = {
				BuildIndependentTargetsInParallel = 1;
				LastSwiftUpdateCheck = 1500;
				LastUpgradeCheck = 1500;
				TargetAttributes = {
					213DA46E2AF9DC3500C2317D = {
						CreatedOnToolsVersion = 15.0;
					};
				};
			};
			buildConfigurationList = 213DA46A2AF9DC3500C2317D /* Build configuration list for PBXProject "SweetTreats" */;
			compatibilityVersion = "Xcode 14.0";
			developmentRegion = en;
			hasScannedForEncodings = 0;
			knownRegions = (
				en,
				Base,
			);
			mainGroup = 213DA4662AF9DC3500C2317D;
			productRefGroup = 213DA4702AF9DC3500C2317D /* Products */;
			projectDirPath = "";
			projectRoot = "";
			targets = (
				213DA46E2AF9DC3500C2317D /* SweetTreats */,
			);
		};
/* End PBXProject section */

/* Begin PBXResourcesBuildPhase section */
		213DA46D2AF9DC3500C2317D /* Resources */ = {
			isa = PBXResourcesBuildPhase;
			buildActionMask = 2147483647;
			files = (
				213DA47A2AF9DC3600C2317D /* Preview Assets.xcassets in Resources */,
				213DA4772AF9DC3600C2317D /* Assets.xcassets in Resources */,
			);
			runOnlyForDeploymentPostprocessing = 0;
		};
/* End PBXResourcesBuildPhase section */

/* Begin PBXSourcesBuildPhase section */
		213DA46B2AF9DC3500C2317D /* Sources */ = {
			isa = PBXSourcesBuildPhase;
			buildActionMask = 2147483647;
			files = (
				213DA4852AF9E0C600C2317D /* ShoppingView.swift in Sources */,
				213DA48F2AFAE3EF00C2317D /* DessertModel.swift in Sources */,
				213DA4912AFAE95600C2317D /* DessertDetailView.swift in Sources */,
				213DA4752AF9DC3500C2317D /* ContentView.swift in Sources */,
				213DA4882AF9EED700C2317D /* DessertCard.swift in Sources */,
				213DA4812AF9DE1E00C2317D /* AllDessertsView.swift in Sources */,
				213DA4832AF9DEA500C2317D /* RecipeView.swift in Sources */,
				213DA4732AF9DC3500C2317D /* SweetTreatsApp.swift in Sources */,
			);
			runOnlyForDeploymentPostprocessing = 0;
		};
/* End PBXSourcesBuildPhase section */

/* Begin XCBuildConfiguration section */
		213DA47B2AF9DC3600C2317D /* Debug */ = {
			isa = XCBuildConfiguration;
			buildSettings = {
				ALWAYS_SEARCH_USER_PATHS = NO;
				ASSETCATALOG_COMPILER_GENERATE_SWIFT_ASSET_SYMBOL_EXTENSIONS = YES;
				CLANG_ANALYZER_NONNULL = YES;
				CLANG_ANALYZER_NUMBER_OBJECT_CONVERSION = YES_AGGRESSIVE;
				CLANG_CXX_LANGUAGE_STANDARD = "gnu++20";
				CLANG_ENABLE_MODULES = YES;
				CLANG_ENABLE_OBJC_ARC = YES;
				CLANG_ENABLE_OBJC_WEAK = YES;
				CLANG_WARN_BLOCK_CAPTURE_AUTORELEASING = YES;
				CLANG_WARN_BOOL_CONVERSION = YES;
				CLANG_WARN_COMMA = YES;
				CLANG_WARN_CONSTANT_CONVERSION = YES;
				CLANG_WARN_DEPRECATED_OBJC_IMPLEMENTATIONS = YES;
				CLANG_WARN_DIRECT_OBJC_ISA_USAGE = YES_ERROR;
				CLANG_WARN_DOCUMENTATION_COMMENTS = YES;
				CLANG_WARN_EMPTY_BODY = YES;
				CLANG_WARN_ENUM_CONVERSION = YES;
				CLANG_WARN_INFINITE_RECURSION = YES;
				CLANG_WARN_INT_CONVERSION = YES;
				CLANG_WARN_NON_LITERAL_NULL_CONVERSION = YES;
				CLANG_WARN_OBJC_IMPLICIT_RETAIN_SELF = YES;
				CLANG_WARN_OBJC_LITERAL_CONVERSION = YES;
				CLANG_WARN_OBJC_ROOT_CLASS = YES_ERROR;
				CLANG_WARN_QUOTED_INCLUDE_IN_FRAMEWORK_HEADER = YES;
				CLANG_WARN_RANGE_LOOP_ANALYSIS = YES;
				CLANG_WARN_STRICT_PROTOTYPES = YES;
				CLANG_WARN_SUSPICIOUS_MOVE = YES;
				CLANG_WARN_UNGUARDED_AVAILABILITY = YES_AGGRESSIVE;
				CLANG_WARN_UNREACHABLE_CODE = YES;
				CLANG_WARN__DUPLICATE_METHOD_MATCH = YES;
				COPY_PHASE_STRIP = NO;
				DEBUG_INFORMATION_FORMAT = dwarf;
				ENABLE_STRICT_OBJC_MSGSEND = YES;
				ENABLE_TESTABILITY = YES;
				ENABLE_USER_SCRIPT_SANDBOXING = YES;
				GCC_C_LANGUAGE_STANDARD = gnu17;
				GCC_DYNAMIC_NO_PIC = NO;
				GCC_NO_COMMON_BLOCKS = YES;
				GCC_OPTIMIZATION_LEVEL = 0;
				GCC_PREPROCESSOR_DEFINITIONS = (
					"DEBUG=1",
					"$(inherited)",
				);
				GCC_WARN_64_TO_32_BIT_CONVERSION = YES;
				GCC_WARN_ABOUT_RETURN_TYPE = YES_ERROR;
				GCC_WARN_UNDECLARED_SELECTOR = YES;
				GCC_WARN_UNINITIALIZED_AUTOS = YES_AGGRESSIVE;
				GCC_WARN_UNUSED_FUNCTION = YES;
				GCC_WARN_UNUSED_VARIABLE = YES;
				IPHONEOS_DEPLOYMENT_TARGET = 17.0;
				LOCALIZATION_PREFERS_STRING_CATALOGS = YES;
				MTL_ENABLE_DEBUG_INFO = INCLUDE_SOURCE;
				MTL_FAST_MATH = YES;
				ONLY_ACTIVE_ARCH = YES;
				SDKROOT = iphoneos;
				SWIFT_ACTIVE_COMPILATION_CONDITIONS = "DEBUG $(inherited)";
				SWIFT_OPTIMIZATION_LEVEL = "-Onone";
			};
			name = Debug;
		};
		213DA47C2AF9DC3600C2317D /* Release */ = {
			isa = XCBuildConfiguration;
			buildSettings = {
				ALWAYS_SEARCH_USER_PATHS = NO;
				ASSETCATALOG_COMPILER_GENERATE_SWIFT_ASSET_SYMBOL_EXTENSIONS = YES;
				CLANG_ANALYZER_NONNULL = YES;
				CLANG_ANALYZER_NUMBER_OBJECT_CONVERSION = YES_AGGRESSIVE;
				CLANG_CXX_LANGUAGE_STANDARD = "gnu++20";
				CLANG_ENABLE_MODULES = YES;
				CLANG_ENABLE_OBJC_ARC = YES;
				CLANG_ENABLE_OBJC_WEAK = YES;
				CLANG_WARN_BLOCK_CAPTURE_AUTORELEASING = YES;
				CLANG_WARN_BOOL_CONVERSION = YES;
				CLANG_WARN_COMMA = YES;
				CLANG_WARN_CONSTANT_CONVERSION = YES;
				CLANG_WARN_DEPRECATED_OBJC_IMPLEMENTATIONS = YES;
				CLANG_WARN_DIRECT_OBJC_ISA_USAGE = YES_ERROR;
				CLANG_WARN_DOCUMENTATION_COMMENTS = YES;
				CLANG_WARN_EMPTY_BODY = YES;
				CLANG_WARN_ENUM_CONVERSION = YES;
				CLANG_WARN_INFINITE_RECURSION = YES;
				CLANG_WARN_INT_CONVERSION = YES;
				CLANG_WARN_NON_LITERAL_NULL_CONVERSION = YES;
				CLANG_WARN_OBJC_IMPLICIT_RETAIN_SELF = YES;
				CLANG_WARN_OBJC_LITERAL_CONVERSION = YES;
				CLANG_WARN_OBJC_ROOT_CLASS = YES_ERROR;
				CLANG_WARN_QUOTED_INCLUDE_IN_FRAMEWORK_HEADER = YES;
				CLANG_WARN_RANGE_LOOP_ANALYSIS = YES;
				CLANG_WARN_STRICT_PROTOTYPES = YES;
				CLANG_WARN_SUSPICIOUS_MOVE = YES;
				CLANG_WARN_UNGUARDED_AVAILABILITY = YES_AGGRESSIVE;
				CLANG_WARN_UNREACHABLE_CODE = YES;
				CLANG_WARN__DUPLICATE_METHOD_MATCH = YES;
				COPY_PHASE_STRIP = NO;
				DEBUG_INFORMATION_FORMAT = "dwarf-with-dsym";
				ENABLE_NS_ASSERTIONS = NO;
				ENABLE_STRICT_OBJC_MSGSEND = YES;
				ENABLE_USER_SCRIPT_SANDBOXING = YES;
				GCC_C_LANGUAGE_STANDARD = gnu17;
				GCC_NO_COMMON_BLOCKS = YES;
				GCC_WARN_64_TO_32_BIT_CONVERSION = YES;
				GCC_WARN_ABOUT_RETURN_TYPE = YES_ERROR;
				GCC_WARN_UNDECLARED_SELECTOR = YES;
				GCC_WARN_UNINITIALIZED_AUTOS = YES_AGGRESSIVE;
				GCC_WARN_UNUSED_FUNCTION = YES;
				GCC_WARN_UNUSED_VARIABLE = YES;
				IPHONEOS_DEPLOYMENT_TARGET = 17.0;
				LOCALIZATION_PREFERS_STRING_CATALOGS = YES;
				MTL_ENABLE_DEBUG_INFO = NO;
				MTL_FAST_MATH = YES;
				SDKROOT = iphoneos;
				SWIFT_COMPILATION_MODE = wholemodule;
				VALIDATE_PRODUCT = YES;
			};
			name = Release;
		};
		213DA47E2AF9DC3600C2317D /* Debug */ = {
			isa = XCBuildConfiguration;
			buildSettings = {
				ASSETCATALOG_COMPILER_APPICON_NAME = AppIcon;
				ASSETCATALOG_COMPILER_GLOBAL_ACCENT_COLOR_NAME = AccentColor;
				CODE_SIGN_STYLE = Automatic;
				CURRENT_PROJECT_VERSION = 1;
				DEVELOPMENT_ASSET_PATHS = "\"SweetTreats/Preview Content\"";
				DEVELOPMENT_TEAM = B6D4WCK28L;
				ENABLE_PREVIEWS = YES;
				GENERATE_INFOPLIST_FILE = YES;
				INFOPLIST_KEY_UIApplicationSceneManifest_Generation = YES;
				INFOPLIST_KEY_UIApplicationSupportsIndirectInputEvents = YES;
				INFOPLIST_KEY_UILaunchScreen_Generation = YES;
				INFOPLIST_KEY_UISupportedInterfaceOrientations_iPad = "UIInterfaceOrientationPortrait UIInterfaceOrientationPortraitUpsideDown UIInterfaceOrientationLandscapeLeft UIInterfaceOrientationLandscapeRight";
				INFOPLIST_KEY_UISupportedInterfaceOrientations_iPhone = "UIInterfaceOrientationPortrait UIInterfaceOrientationLandscapeLeft UIInterfaceOrientationLandscapeRight";
				LD_RUNPATH_SEARCH_PATHS = (
					"$(inherited)",
					"@executable_path/Frameworks",
				);
				MARKETING_VERSION = 1.0;
				PRODUCT_BUNDLE_IDENTIFIER = cquagliani.SweetTreats;
				PRODUCT_NAME = "$(TARGET_NAME)";
				SWIFT_EMIT_LOC_STRINGS = YES;
				SWIFT_VERSION = 5.0;
				TARGETED_DEVICE_FAMILY = "1,2";
			};
			name = Debug;
		};
		213DA47F2AF9DC3600C2317D /* Release */ = {
			isa = XCBuildConfiguration;
			buildSettings = {
				ASSETCATALOG_COMPILER_APPICON_NAME = AppIcon;
				ASSETCATALOG_COMPILER_GLOBAL_ACCENT_COLOR_NAME = AccentColor;
				CODE_SIGN_STYLE = Automatic;
				CURRENT_PROJECT_VERSION = 1;
				DEVELOPMENT_ASSET_PATHS = "\"SweetTreats/Preview Content\"";
				DEVELOPMENT_TEAM = B6D4WCK28L;
				ENABLE_PREVIEWS = YES;
				GENERATE_INFOPLIST_FILE = YES;
				INFOPLIST_KEY_UIApplicationSceneManifest_Generation = YES;
				INFOPLIST_KEY_UIApplicationSupportsIndirectInputEvents = YES;
				INFOPLIST_KEY_UILaunchScreen_Generation = YES;
				INFOPLIST_KEY_UISupportedInterfaceOrientations_iPad = "UIInterfaceOrientationPortrait UIInterfaceOrientationPortraitUpsideDown UIInterfaceOrientationLandscapeLeft UIInterfaceOrientationLandscapeRight";
				INFOPLIST_KEY_UISupportedInterfaceOrientations_iPhone = "UIInterfaceOrientationPortrait UIInterfaceOrientationLandscapeLeft UIInterfaceOrientationLandscapeRight";
				LD_RUNPATH_SEARCH_PATHS = (
					"$(inherited)",
					"@executable_path/Frameworks",
				);
				MARKETING_VERSION = 1.0;
				PRODUCT_BUNDLE_IDENTIFIER = cquagliani.SweetTreats;
				PRODUCT_NAME = "$(TARGET_NAME)";
				SWIFT_EMIT_LOC_STRINGS = YES;
				SWIFT_VERSION = 5.0;
				TARGETED_DEVICE_FAMILY = "1,2";
			};
			name = Release;
		};
/* End XCBuildConfiguration section */

/* Begin XCConfigurationList section */
		213DA46A2AF9DC3500C2317D /* Build configuration list for PBXProject "SweetTreats" */ = {
			isa = XCConfigurationList;
			buildConfigurations = (
				213DA47B2AF9DC3600C2317D /* Debug */,
				213DA47C2AF9DC3600C2317D /* Release */,
			);
			defaultConfigurationIsVisible = 0;
			defaultConfigurationName = Release;
		};
		213DA47D2AF9DC3600C2317D /* Build configuration list for PBXNativeTarget "SweetTreats" */ = {
			isa = XCConfigurationList;
			buildConfigurations = (
				213DA47E2AF9DC3600C2317D /* Debug */,
				213DA47F2AF9DC3600C2317D /* Release */,
			);
			defaultConfigurationIsVisible = 0;
			defaultConfigurationName = Release;
		};
/* End XCConfigurationList section */
	};
	rootObject = 213DA4672AF9DC3500C2317D /* Project object */;
}
