// !$*UTF8*$!
{
	archiveVersion = 1;
	classes = {
	};
	objectVersion = 56;
	objects = {

/* Begin PBXBuildFile section */
		211D6ADB2AFED7BB00F4F0F3 /* NetworkServiceProtocol.swift in Sources */ = {isa = PBXBuildFile; fileRef = 211D6ADA2AFED7BB00F4F0F3 /* NetworkServiceProtocol.swift */; };
		211D6ADD2AFED7EF00F4F0F3 /* NetworkService.swift in Sources */ = {isa = PBXBuildFile; fileRef = 211D6ADC2AFED7EF00F4F0F3 /* NetworkService.swift */; };
		211D6AFE2AFF0C9000F4F0F3 /* DessertViewModelTests.swift in Sources */ = {isa = PBXBuildFile; fileRef = 211D6AFD2AFF0C9000F4F0F3 /* DessertViewModelTests.swift */; };
		211D6B032AFF0CF300F4F0F3 /* MockNetworkService.swift in Sources */ = {isa = PBXBuildFile; fileRef = 211D6B002AFF0CD700F4F0F3 /* MockNetworkService.swift */; };
		211D6B062AFF0E3600F4F0F3 /* DessertViewModel.swift in Sources */ = {isa = PBXBuildFile; fileRef = 213DA49B2AFC6E5200C2317D /* DessertViewModel.swift */; };
		211D6B082AFF12B800F4F0F3 /* NetworkServiceProtocol.swift in Sources */ = {isa = PBXBuildFile; fileRef = 211D6ADA2AFED7BB00F4F0F3 /* NetworkServiceProtocol.swift */; };
		211D6B092AFF12BB00F4F0F3 /* NetworkService.swift in Sources */ = {isa = PBXBuildFile; fileRef = 211D6ADC2AFED7EF00F4F0F3 /* NetworkService.swift */; };
		211D6B0A2AFF12DF00F4F0F3 /* DessertModel.swift in Sources */ = {isa = PBXBuildFile; fileRef = 213DA48E2AFAE3EF00C2317D /* DessertModel.swift */; };
		211D6B0D2AFF199400F4F0F3 /* AllDessertsResponse.json in Resources */ = {isa = PBXBuildFile; fileRef = 211D6B0C2AFF199400F4F0F3 /* AllDessertsResponse.json */; };
		211D6B112AFF338000F4F0F3 /* DetailsViewModelTests.swift in Sources */ = {isa = PBXBuildFile; fileRef = 211D6B102AFF338000F4F0F3 /* DetailsViewModelTests.swift */; };
		211D6B132AFF341500F4F0F3 /* DetailsResponse.json in Resources */ = {isa = PBXBuildFile; fileRef = 211D6B122AFF341500F4F0F3 /* DetailsResponse.json */; };
		213DA4732AF9DC3500C2317D /* SweetTreatsApp.swift in Sources */ = {isa = PBXBuildFile; fileRef = 213DA4722AF9DC3500C2317D /* SweetTreatsApp.swift */; };
		213DA4752AF9DC3500C2317D /* ContentView.swift in Sources */ = {isa = PBXBuildFile; fileRef = 213DA4742AF9DC3500C2317D /* ContentView.swift */; };
		213DA4772AF9DC3600C2317D /* Assets.xcassets in Resources */ = {isa = PBXBuildFile; fileRef = 213DA4762AF9DC3600C2317D /* Assets.xcassets */; };
		213DA47A2AF9DC3600C2317D /* Preview Assets.xcassets in Resources */ = {isa = PBXBuildFile; fileRef = 213DA4792AF9DC3600C2317D /* Preview Assets.xcassets */; };
		213DA4812AF9DE1E00C2317D /* AllDessertsView.swift in Sources */ = {isa = PBXBuildFile; fileRef = 213DA4802AF9DE1E00C2317D /* AllDessertsView.swift */; };
		213DA4882AF9EED700C2317D /* DessertCardView.swift in Sources */ = {isa = PBXBuildFile; fileRef = 213DA4872AF9EED700C2317D /* DessertCardView.swift */; };
		213DA48F2AFAE3EF00C2317D /* DessertModel.swift in Sources */ = {isa = PBXBuildFile; fileRef = 213DA48E2AFAE3EF00C2317D /* DessertModel.swift */; };
		213DA4912AFAE95600C2317D /* DessertDetailView.swift in Sources */ = {isa = PBXBuildFile; fileRef = 213DA4902AFAE95600C2317D /* DessertDetailView.swift */; };
		213DA4982AFC6C0100C2317D /* DetailsModel.swift in Sources */ = {isa = PBXBuildFile; fileRef = 213DA4972AFC6C0100C2317D /* DetailsModel.swift */; };
		213DA49A2AFC6C6C00C2317D /* ImageModel.swift in Sources */ = {isa = PBXBuildFile; fileRef = 213DA4992AFC6C6C00C2317D /* ImageModel.swift */; };
		213DA49C2AFC6E5200C2317D /* DessertViewModel.swift in Sources */ = {isa = PBXBuildFile; fileRef = 213DA49B2AFC6E5200C2317D /* DessertViewModel.swift */; };
		213DA49E2AFC6E9200C2317D /* DetailsViewModel.swift in Sources */ = {isa = PBXBuildFile; fileRef = 213DA49D2AFC6E9200C2317D /* DetailsViewModel.swift */; };
/* End PBXBuildFile section */

/* Begin PBXContainerItemProxy section */
		211D6AE92AFF06B400F4F0F3 /* PBXContainerItemProxy */ = {
			isa = PBXContainerItemProxy;
			containerPortal = 213DA4672AF9DC3500C2317D /* Project object */;
			proxyType = 1;
			remoteGlobalIDString = 213DA46E2AF9DC3500C2317D;
			remoteInfo = SweetTreats;
		};
/* End PBXContainerItemProxy section */

/* Begin PBXFileReference section */
		211D6ADA2AFED7BB00F4F0F3 /* NetworkServiceProtocol.swift */ = {isa = PBXFileReference; lastKnownFileType = sourcecode.swift; path = NetworkServiceProtocol.swift; sourceTree = "<group>"; };
		211D6ADC2AFED7EF00F4F0F3 /* NetworkService.swift */ = {isa = PBXFileReference; lastKnownFileType = sourcecode.swift; path = NetworkService.swift; sourceTree = "<group>"; };
		211D6AE52AFF06B400F4F0F3 /* AllDessertsViewTests.xctest */ = {isa = PBXFileReference; explicitFileType = wrapper.cfbundle; includeInIndex = 0; path = AllDessertsViewTests.xctest; sourceTree = BUILT_PRODUCTS_DIR; };
		211D6AFD2AFF0C9000F4F0F3 /* DessertViewModelTests.swift */ = {isa = PBXFileReference; lastKnownFileType = sourcecode.swift; path = DessertViewModelTests.swift; sourceTree = "<group>"; };
		211D6B002AFF0CD700F4F0F3 /* MockNetworkService.swift */ = {isa = PBXFileReference; lastKnownFileType = sourcecode.swift; path = MockNetworkService.swift; sourceTree = "<group>"; };
		211D6B0C2AFF199400F4F0F3 /* AllDessertsResponse.json */ = {isa = PBXFileReference; lastKnownFileType = text.json; path = AllDessertsResponse.json; sourceTree = "<group>"; };
		211D6B102AFF338000F4F0F3 /* DetailsViewModelTests.swift */ = {isa = PBXFileReference; lastKnownFileType = sourcecode.swift; path = DetailsViewModelTests.swift; sourceTree = "<group>"; };
		211D6B122AFF341500F4F0F3 /* DetailsResponse.json */ = {isa = PBXFileReference; lastKnownFileType = text.json; path = DetailsResponse.json; sourceTree = "<group>"; };
		213DA46F2AF9DC3500C2317D /* SweetTreats.app */ = {isa = PBXFileReference; explicitFileType = wrapper.application; includeInIndex = 0; path = SweetTreats.app; sourceTree = BUILT_PRODUCTS_DIR; };
		213DA4722AF9DC3500C2317D /* SweetTreatsApp.swift */ = {isa = PBXFileReference; lastKnownFileType = sourcecode.swift; path = SweetTreatsApp.swift; sourceTree = "<group>"; };
		213DA4742AF9DC3500C2317D /* ContentView.swift */ = {isa = PBXFileReference; lastKnownFileType = sourcecode.swift; path = ContentView.swift; sourceTree = "<group>"; };
		213DA4762AF9DC3600C2317D /* Assets.xcassets */ = {isa = PBXFileReference; lastKnownFileType = folder.assetcatalog; path = Assets.xcassets; sourceTree = "<group>"; };
		213DA4792AF9DC3600C2317D /* Preview Assets.xcassets */ = {isa = PBXFileReference; lastKnownFileType = folder.assetcatalog; path = "Preview Assets.xcassets"; sourceTree = "<group>"; };
		213DA4802AF9DE1E00C2317D /* AllDessertsView.swift */ = {isa = PBXFileReference; lastKnownFileType = sourcecode.swift; path = AllDessertsView.swift; sourceTree = "<group>"; };
		213DA4872AF9EED700C2317D /* DessertCardView.swift */ = {isa = PBXFileReference; lastKnownFileType = sourcecode.swift; path = DessertCardView.swift; sourceTree = "<group>"; };
		213DA48E2AFAE3EF00C2317D /* DessertModel.swift */ = {isa = PBXFileReference; lastKnownFileType = sourcecode.swift; path = DessertModel.swift; sourceTree = "<group>"; };
		213DA4902AFAE95600C2317D /* DessertDetailView.swift */ = {isa = PBXFileReference; lastKnownFileType = sourcecode.swift; path = DessertDetailView.swift; sourceTree = "<group>"; };
		213DA4972AFC6C0100C2317D /* DetailsModel.swift */ = {isa = PBXFileReference; lastKnownFileType = sourcecode.swift; path = DetailsModel.swift; sourceTree = "<group>"; };
		213DA4992AFC6C6C00C2317D /* ImageModel.swift */ = {isa = PBXFileReference; lastKnownFileType = sourcecode.swift; path = ImageModel.swift; sourceTree = "<group>"; };
		213DA49B2AFC6E5200C2317D /* DessertViewModel.swift */ = {isa = PBXFileReference; lastKnownFileType = sourcecode.swift; path = DessertViewModel.swift; sourceTree = "<group>"; };
		213DA49D2AFC6E9200C2317D /* DetailsViewModel.swift */ = {isa = PBXFileReference; lastKnownFileType = sourcecode.swift; path = DetailsViewModel.swift; sourceTree = "<group>"; };
/* End PBXFileReference section */

/* Begin PBXFrameworksBuildPhase section */
		211D6AE22AFF06B400F4F0F3 /* Frameworks */ = {
			isa = PBXFrameworksBuildPhase;
			buildActionMask = 2147483647;
			files = (
			);
			runOnlyForDeploymentPostprocessing = 0;
		};
		213DA46C2AF9DC3500C2317D /* Frameworks */ = {
			isa = PBXFrameworksBuildPhase;
			buildActionMask = 2147483647;
			files = (
			);
			runOnlyForDeploymentPostprocessing = 0;
		};
/* End PBXFrameworksBuildPhase section */

/* Begin PBXGroup section */
		211D6AD92AFED79A00F4F0F3 /* Network */ = {
			isa = PBXGroup;
			children = (
				211D6ADA2AFED7BB00F4F0F3 /* NetworkServiceProtocol.swift */,
				211D6ADC2AFED7EF00F4F0F3 /* NetworkService.swift */,
			);
			path = Network;
			sourceTree = "<group>";
		};
		211D6AEE2AFF07B900F4F0F3 /* Tests */ = {
			isa = PBXGroup;
			children = (
				211D6B0B2AFF17A200F4F0F3 /* MockNetwork */,
				211D6AF52AFF092700F4F0F3 /* ViewModelTests */,
			);
			path = Tests;
			sourceTree = "<group>";
		};
		211D6AF52AFF092700F4F0F3 /* ViewModelTests */ = {
			isa = PBXGroup;
			children = (
				211D6AFD2AFF0C9000F4F0F3 /* DessertViewModelTests.swift */,
				211D6B102AFF338000F4F0F3 /* DetailsViewModelTests.swift */,
			);
			path = ViewModelTests;
			sourceTree = "<group>";
		};
		211D6B0B2AFF17A200F4F0F3 /* MockNetwork */ = {
			isa = PBXGroup;
			children = (
				211D6B002AFF0CD700F4F0F3 /* MockNetworkService.swift */,
				211D6B0C2AFF199400F4F0F3 /* AllDessertsResponse.json */,
				211D6B122AFF341500F4F0F3 /* DetailsResponse.json */,
			);
			path = MockNetwork;
			sourceTree = "<group>";
		};
		213DA4662AF9DC3500C2317D = {
			isa = PBXGroup;
			children = (
				213DA4712AF9DC3500C2317D /* SweetTreats */,
				211D6AEE2AFF07B900F4F0F3 /* Tests */,
				213DA4702AF9DC3500C2317D /* Products */,
			);
			sourceTree = "<group>";
		};
		213DA4702AF9DC3500C2317D /* Products */ = {
			isa = PBXGroup;
			children = (
				213DA46F2AF9DC3500C2317D /* SweetTreats.app */,
				211D6AE52AFF06B400F4F0F3 /* AllDessertsViewTests.xctest */,
			);
			name = Products;
			sourceTree = "<group>";
		};
		213DA4712AF9DC3500C2317D /* SweetTreats */ = {
			isa = PBXGroup;
			children = (
				211D6AD92AFED79A00F4F0F3 /* Network */,
				213DA4A12AFC6F4F00C2317D /* ViewModel */,
				213DA4A02AFC6F0600C2317D /* View */,
				213DA49F2AFC6ECD00C2317D /* Model */,
				213DA4722AF9DC3500C2317D /* SweetTreatsApp.swift */,
				213DA4742AF9DC3500C2317D /* ContentView.swift */,
				213DA4762AF9DC3600C2317D /* Assets.xcassets */,
				213DA4782AF9DC3600C2317D /* Preview Content */,
			);
			path = SweetTreats;
			sourceTree = "<group>";
		};
		213DA4782AF9DC3600C2317D /* Preview Content */ = {
			isa = PBXGroup;
			children = (
				213DA4792AF9DC3600C2317D /* Preview Assets.xcassets */,
			);
			path = "Preview Content";
			sourceTree = "<group>";
		};
		213DA49F2AFC6ECD00C2317D /* Model */ = {
			isa = PBXGroup;
			children = (
				213DA48E2AFAE3EF00C2317D /* DessertModel.swift */,
				213DA4972AFC6C0100C2317D /* DetailsModel.swift */,
				213DA4992AFC6C6C00C2317D /* ImageModel.swift */,
			);
			path = Model;
			sourceTree = "<group>";
		};
		213DA4A02AFC6F0600C2317D /* View */ = {
			isa = PBXGroup;
			children = (
				213DA4802AF9DE1E00C2317D /* AllDessertsView.swift */,
				213DA4872AF9EED700C2317D /* DessertCardView.swift */,
				213DA4902AFAE95600C2317D /* DessertDetailView.swift */,
			);
			path = View;
			sourceTree = "<group>";
		};
		213DA4A12AFC6F4F00C2317D /* ViewModel */ = {
			isa = PBXGroup;
			children = (
				213DA49B2AFC6E5200C2317D /* DessertViewModel.swift */,
				213DA49D2AFC6E9200C2317D /* DetailsViewModel.swift */,
			);
			path = ViewModel;
			sourceTree = "<group>";
		};
/* End PBXGroup section */

/* Begin PBXNativeTarget section */
		211D6AE42AFF06B400F4F0F3 /* AllDessertsViewTests */ = {
			isa = PBXNativeTarget;
			buildConfigurationList = 211D6AEB2AFF06B400F4F0F3 /* Build configuration list for PBXNativeTarget "AllDessertsViewTests" */;
			buildPhases = (
				211D6AE12AFF06B400F4F0F3 /* Sources */,
				211D6AE22AFF06B400F4F0F3 /* Frameworks */,
				211D6AE32AFF06B400F4F0F3 /* Resources */,
			);
			buildRules = (
			);
			dependencies = (
				211D6AEA2AFF06B400F4F0F3 /* PBXTargetDependency */,
			);
			name = AllDessertsViewTests;
			productName = AllDessertsViewTests;
			productReference = 211D6AE52AFF06B400F4F0F3 /* AllDessertsViewTests.xctest */;
			productType = "com.apple.product-type.bundle.unit-test";
		};
		213DA46E2AF9DC3500C2317D /* SweetTreats */ = {
			isa = PBXNativeTarget;
			buildConfigurationList = 213DA47D2AF9DC3600C2317D /* Build configuration list for PBXNativeTarget "SweetTreats" */;
			buildPhases = (
				213DA46B2AF9DC3500C2317D /* Sources */,
				213DA46C2AF9DC3500C2317D /* Frameworks */,
				213DA46D2AF9DC3500C2317D /* Resources */,
			);
			buildRules = (
			);
			dependencies = (
			);
			name = SweetTreats;
			productName = SweetTreats;
			productReference = 213DA46F2AF9DC3500C2317D /* SweetTreats.app */;
			productType = "com.apple.product-type.application";
		};
/* End PBXNativeTarget section */

/* Begin PBXProject section */
		213DA4672AF9DC3500C2317D /* Project object */ = {
			isa = PBXProject;
			attributes = {
				BuildIndependentTargetsInParallel = 1;
				LastSwiftUpdateCheck = 1500;
				LastUpgradeCheck = 1500;
				TargetAttributes = {
					211D6AE42AFF06B400F4F0F3 = {
						CreatedOnToolsVersion = 15.0;
						LastSwiftMigration = 1500;
						TestTargetID = 213DA46E2AF9DC3500C2317D;
					};
					213DA46E2AF9DC3500C2317D = {
						CreatedOnToolsVersion = 15.0;
					};
				};
			};
			buildConfigurationList = 213DA46A2AF9DC3500C2317D /* Build configuration list for PBXProject "SweetTreats" */;
			compatibilityVersion = "Xcode 14.0";
			developmentRegion = en;
			hasScannedForEncodings = 0;
			knownRegions = (
				en,
				Base,
			);
			mainGroup = 213DA4662AF9DC3500C2317D;
			productRefGroup = 213DA4702AF9DC3500C2317D /* Products */;
			projectDirPath = "";
			projectRoot = "";
			targets = (
				213DA46E2AF9DC3500C2317D /* SweetTreats */,
				211D6AE42AFF06B400F4F0F3 /* AllDessertsViewTests */,
			);
		};
/* End PBXProject section */

/* Begin PBXResourcesBuildPhase section */
		211D6AE32AFF06B400F4F0F3 /* Resources */ = {
			isa = PBXResourcesBuildPhase;
			buildActionMask = 2147483647;
			files = (
				211D6B0D2AFF199400F4F0F3 /* AllDessertsResponse.json in Resources */,
				211D6B132AFF341500F4F0F3 /* DetailsResponse.json in Resources */,
			);
			runOnlyForDeploymentPostprocessing = 0;
		};
		213DA46D2AF9DC3500C2317D /* Resources */ = {
			isa = PBXResourcesBuildPhase;
			buildActionMask = 2147483647;
			files = (
				213DA47A2AF9DC3600C2317D /* Preview Assets.xcassets in Resources */,
				213DA4772AF9DC3600C2317D /* Assets.xcassets in Resources */,
			);
			runOnlyForDeploymentPostprocessing = 0;
		};
/* End PBXResourcesBuildPhase section */

/* Begin PBXSourcesBuildPhase section */
		211D6AE12AFF06B400F4F0F3 /* Sources */ = {
			isa = PBXSourcesBuildPhase;
			buildActionMask = 2147483647;
			files = (
				211D6B032AFF0CF300F4F0F3 /* MockNetworkService.swift in Sources */,
				211D6B062AFF0E3600F4F0F3 /* DessertViewModel.swift in Sources */,
				211D6AFE2AFF0C9000F4F0F3 /* DessertViewModelTests.swift in Sources */,
				211D6B092AFF12BB00F4F0F3 /* NetworkService.swift in Sources */,
				211D6B112AFF338000F4F0F3 /* DetailsViewModelTests.swift in Sources */,
				211D6B0A2AFF12DF00F4F0F3 /* DessertModel.swift in Sources */,
				211D6B082AFF12B800F4F0F3 /* NetworkServiceProtocol.swift in Sources */,
			);
			runOnlyForDeploymentPostprocessing = 0;
		};
		213DA46B2AF9DC3500C2317D /* Sources */ = {
			isa = PBXSourcesBuildPhase;
			buildActionMask = 2147483647;
			files = (
				213DA48F2AFAE3EF00C2317D /* DessertModel.swift in Sources */,
				213DA4912AFAE95600C2317D /* DessertDetailView.swift in Sources */,
				213DA4752AF9DC3500C2317D /* ContentView.swift in Sources */,
				213DA4882AF9EED700C2317D /* DessertCardView.swift in Sources */,
				213DA4982AFC6C0100C2317D /* DetailsModel.swift in Sources */,
				213DA4812AF9DE1E00C2317D /* AllDessertsView.swift in Sources */,
				213DA4732AF9DC3500C2317D /* SweetTreatsApp.swift in Sources */,
				213DA49E2AFC6E9200C2317D /* DetailsViewModel.swift in Sources */,
				213DA49C2AFC6E5200C2317D /* DessertViewModel.swift in Sources */,
				211D6ADB2AFED7BB00F4F0F3 /* NetworkServiceProtocol.swift in Sources */,
				211D6ADD2AFED7EF00F4F0F3 /* NetworkService.swift in Sources */,
				213DA49A2AFC6C6C00C2317D /* ImageModel.swift in Sources */,
			);
			runOnlyForDeploymentPostprocessing = 0;
		};
/* End PBXSourcesBuildPhase section */

/* Begin PBXTargetDependency section */
		211D6AEA2AFF06B400F4F0F3 /* PBXTargetDependency */ = {
			isa = PBXTargetDependency;
			target = 213DA46E2AF9DC3500C2317D /* SweetTreats */;
			targetProxy = 211D6AE92AFF06B400F4F0F3 /* PBXContainerItemProxy */;
		};
/* End PBXTargetDependency section */

/* Begin XCBuildConfiguration section */
		211D6AEC2AFF06B400F4F0F3 /* Debug */ = {
			isa = XCBuildConfiguration;
			buildSettings = {
				BUNDLE_LOADER = "$(TEST_HOST)";
				CLANG_ENABLE_MODULES = YES;
				CODE_SIGN_STYLE = Automatic;
				CURRENT_PROJECT_VERSION = 1;
				DEVELOPMENT_TEAM = B6D4WCK28L;
				GENERATE_INFOPLIST_FILE = YES;
				MARKETING_VERSION = 1.0;
				PRODUCT_BUNDLE_IDENTIFIER = cquagliani.AllDessertsViewTests;
				PRODUCT_NAME = "$(TARGET_NAME)";
				SWIFT_EMIT_LOC_STRINGS = NO;
				SWIFT_OPTIMIZATION_LEVEL = "-Onone";
				SWIFT_VERSION = 5.0;
				TARGETED_DEVICE_FAMILY = "1,2";
				TEST_HOST = "$(BUILT_PRODUCTS_DIR)/SweetTreats.app/$(BUNDLE_EXECUTABLE_FOLDER_PATH)/SweetTreats";
			};
			name = Debug;
		};
		211D6AED2AFF06B400F4F0F3 /* Release */ = {
			isa = XCBuildConfiguration;
			buildSettings = {
				BUNDLE_LOADER = "$(TEST_HOST)";
				CLANG_ENABLE_MODULES = YES;
				CODE_SIGN_STYLE = Automatic;
				CURRENT_PROJECT_VERSION = 1;
				DEVELOPMENT_TEAM = B6D4WCK28L;
				GENERATE_INFOPLIST_FILE = YES;
				MARKETING_VERSION = 1.0;
				PRODUCT_BUNDLE_IDENTIFIER = cquagliani.AllDessertsViewTests;
				PRODUCT_NAME = "$(TARGET_NAME)";
				SWIFT_EMIT_LOC_STRINGS = NO;
				SWIFT_VERSION = 5.0;
				TARGETED_DEVICE_FAMILY = "1,2";
				TEST_HOST = "$(BUILT_PRODUCTS_DIR)/SweetTreats.app/$(BUNDLE_EXECUTABLE_FOLDER_PATH)/SweetTreats";
			};
			name = Release;
		};
		213DA47B2AF9DC3600C2317D /* Debug */ = {
			isa = XCBuildConfiguration;
			buildSettings = {
				ALWAYS_SEARCH_USER_PATHS = NO;
				ASSETCATALOG_COMPILER_GENERATE_SWIFT_ASSET_SYMBOL_EXTENSIONS = YES;
				CLANG_ANALYZER_NONNULL = YES;
				CLANG_ANALYZER_NUMBER_OBJECT_CONVERSION = YES_AGGRESSIVE;
				CLANG_CXX_LANGUAGE_STANDARD = "gnu++20";
				CLANG_ENABLE_MODULES = YES;
				CLANG_ENABLE_OBJC_ARC = YES;
				CLANG_ENABLE_OBJC_WEAK = YES;
				CLANG_WARN_BLOCK_CAPTURE_AUTORELEASING = YES;
				CLANG_WARN_BOOL_CONVERSION = YES;
				CLANG_WARN_COMMA = YES;
				CLANG_WARN_CONSTANT_CONVERSION = YES;
				CLANG_WARN_DEPRECATED_OBJC_IMPLEMENTATIONS = YES;
				CLANG_WARN_DIRECT_OBJC_ISA_USAGE = YES_ERROR;
				CLANG_WARN_DOCUMENTATION_COMMENTS = YES;
				CLANG_WARN_EMPTY_BODY = YES;
				CLANG_WARN_ENUM_CONVERSION = YES;
				CLANG_WARN_INFINITE_RECURSION = YES;
				CLANG_WARN_INT_CONVERSION = YES;
				CLANG_WARN_NON_LITERAL_NULL_CONVERSION = YES;
				CLANG_WARN_OBJC_IMPLICIT_RETAIN_SELF = YES;
				CLANG_WARN_OBJC_LITERAL_CONVERSION = YES;
				CLANG_WARN_OBJC_ROOT_CLASS = YES_ERROR;
				CLANG_WARN_QUOTED_INCLUDE_IN_FRAMEWORK_HEADER = YES;
				CLANG_WARN_RANGE_LOOP_ANALYSIS = YES;
				CLANG_WARN_STRICT_PROTOTYPES = YES;
				CLANG_WARN_SUSPICIOUS_MOVE = YES;
				CLANG_WARN_UNGUARDED_AVAILABILITY = YES_AGGRESSIVE;
				CLANG_WARN_UNREACHABLE_CODE = YES;
				CLANG_WARN__DUPLICATE_METHOD_MATCH = YES;
				COPY_PHASE_STRIP = NO;
				DEBUG_INFORMATION_FORMAT = dwarf;
				ENABLE_STRICT_OBJC_MSGSEND = YES;
				ENABLE_TESTABILITY = YES;
				ENABLE_USER_SCRIPT_SANDBOXING = YES;
				GCC_C_LANGUAGE_STANDARD = gnu17;
				GCC_DYNAMIC_NO_PIC = NO;
				GCC_NO_COMMON_BLOCKS = YES;
				GCC_OPTIMIZATION_LEVEL = 0;
				GCC_PREPROCESSOR_DEFINITIONS = (
					"DEBUG=1",
					"$(inherited)",
				);
				GCC_WARN_64_TO_32_BIT_CONVERSION = YES;
				GCC_WARN_ABOUT_RETURN_TYPE = YES_ERROR;
				GCC_WARN_UNDECLARED_SELECTOR = YES;
				GCC_WARN_UNINITIALIZED_AUTOS = YES_AGGRESSIVE;
				GCC_WARN_UNUSED_FUNCTION = YES;
				GCC_WARN_UNUSED_VARIABLE = YES;
				IPHONEOS_DEPLOYMENT_TARGET = 17.0;
				LOCALIZATION_PREFERS_STRING_CATALOGS = YES;
				MTL_ENABLE_DEBUG_INFO = INCLUDE_SOURCE;
				MTL_FAST_MATH = YES;
				ONLY_ACTIVE_ARCH = YES;
				SDKROOT = iphoneos;
				SWIFT_ACTIVE_COMPILATION_CONDITIONS = "DEBUG $(inherited)";
				SWIFT_OPTIMIZATION_LEVEL = "-Onone";
			};
			name = Debug;
		};
		213DA47C2AF9DC3600C2317D /* Release */ = {
			isa = XCBuildConfiguration;
			buildSettings = {
				ALWAYS_SEARCH_USER_PATHS = NO;
				ASSETCATALOG_COMPILER_GENERATE_SWIFT_ASSET_SYMBOL_EXTENSIONS = YES;
				CLANG_ANALYZER_NONNULL = YES;
				CLANG_ANALYZER_NUMBER_OBJECT_CONVERSION = YES_AGGRESSIVE;
				CLANG_CXX_LANGUAGE_STANDARD = "gnu++20";
				CLANG_ENABLE_MODULES = YES;
				CLANG_ENABLE_OBJC_ARC = YES;
				CLANG_ENABLE_OBJC_WEAK = YES;
				CLANG_WARN_BLOCK_CAPTURE_AUTORELEASING = YES;
				CLANG_WARN_BOOL_CONVERSION = YES;
				CLANG_WARN_COMMA = YES;
				CLANG_WARN_CONSTANT_CONVERSION = YES;
				CLANG_WARN_DEPRECATED_OBJC_IMPLEMENTATIONS = YES;
				CLANG_WARN_DIRECT_OBJC_ISA_USAGE = YES_ERROR;
				CLANG_WARN_DOCUMENTATION_COMMENTS = YES;
				CLANG_WARN_EMPTY_BODY = YES;
				CLANG_WARN_ENUM_CONVERSION = YES;
				CLANG_WARN_INFINITE_RECURSION = YES;
				CLANG_WARN_INT_CONVERSION = YES;
				CLANG_WARN_NON_LITERAL_NULL_CONVERSION = YES;
				CLANG_WARN_OBJC_IMPLICIT_RETAIN_SELF = YES;
				CLANG_WARN_OBJC_LITERAL_CONVERSION = YES;
				CLANG_WARN_OBJC_ROOT_CLASS = YES_ERROR;
				CLANG_WARN_QUOTED_INCLUDE_IN_FRAMEWORK_HEADER = YES;
				CLANG_WARN_RANGE_LOOP_ANALYSIS = YES;
				CLANG_WARN_STRICT_PROTOTYPES = YES;
				CLANG_WARN_SUSPICIOUS_MOVE = YES;
				CLANG_WARN_UNGUARDED_AVAILABILITY = YES_AGGRESSIVE;
				CLANG_WARN_UNREACHABLE_CODE = YES;
				CLANG_WARN__DUPLICATE_METHOD_MATCH = YES;
				COPY_PHASE_STRIP = NO;
				DEBUG_INFORMATION_FORMAT = "dwarf-with-dsym";
				ENABLE_NS_ASSERTIONS = NO;
				ENABLE_STRICT_OBJC_MSGSEND = YES;
				ENABLE_USER_SCRIPT_SANDBOXING = YES;
				GCC_C_LANGUAGE_STANDARD = gnu17;
				GCC_NO_COMMON_BLOCKS = YES;
				GCC_WARN_64_TO_32_BIT_CONVERSION = YES;
				GCC_WARN_ABOUT_RETURN_TYPE = YES_ERROR;
				GCC_WARN_UNDECLARED_SELECTOR = YES;
				GCC_WARN_UNINITIALIZED_AUTOS = YES_AGGRESSIVE;
				GCC_WARN_UNUSED_FUNCTION = YES;
				GCC_WARN_UNUSED_VARIABLE = YES;
				IPHONEOS_DEPLOYMENT_TARGET = 17.0;
				LOCALIZATION_PREFERS_STRING_CATALOGS = YES;
				MTL_ENABLE_DEBUG_INFO = NO;
				MTL_FAST_MATH = YES;
				SDKROOT = iphoneos;
				SWIFT_COMPILATION_MODE = wholemodule;
				VALIDATE_PRODUCT = YES;
			};
			name = Release;
		};
		213DA47E2AF9DC3600C2317D /* Debug */ = {
			isa = XCBuildConfiguration;
			buildSettings = {
				ASSETCATALOG_COMPILER_APPICON_NAME = AppIcon;
				ASSETCATALOG_COMPILER_GLOBAL_ACCENT_COLOR_NAME = AccentColor;
				CODE_SIGN_STYLE = Automatic;
				CURRENT_PROJECT_VERSION = 1;
				DEVELOPMENT_ASSET_PATHS = "\"SweetTreats/Preview Content\"";
				DEVELOPMENT_TEAM = B6D4WCK28L;
				ENABLE_PREVIEWS = YES;
				GENERATE_INFOPLIST_FILE = YES;
				INFOPLIST_KEY_UIApplicationSceneManifest_Generation = YES;
				INFOPLIST_KEY_UIApplicationSupportsIndirectInputEvents = YES;
				INFOPLIST_KEY_UILaunchScreen_Generation = YES;
				INFOPLIST_KEY_UISupportedInterfaceOrientations_iPad = "UIInterfaceOrientationPortrait UIInterfaceOrientationPortraitUpsideDown UIInterfaceOrientationLandscapeLeft UIInterfaceOrientationLandscapeRight";
				INFOPLIST_KEY_UISupportedInterfaceOrientations_iPhone = "UIInterfaceOrientationPortrait UIInterfaceOrientationLandscapeLeft UIInterfaceOrientationLandscapeRight";
				LD_RUNPATH_SEARCH_PATHS = (
					"$(inherited)",
					"@executable_path/Frameworks",
				);
				MARKETING_VERSION = 1.0;
				PRODUCT_BUNDLE_IDENTIFIER = cquagliani.SweetTreats;
				PRODUCT_NAME = "$(TARGET_NAME)";
				SWIFT_EMIT_LOC_STRINGS = YES;
				SWIFT_VERSION = 5.0;
				TARGETED_DEVICE_FAMILY = "1,2";
			};
			name = Debug;
		};
		213DA47F2AF9DC3600C2317D /* Release */ = {
			isa = XCBuildConfiguration;
			buildSettings = {
				ASSETCATALOG_COMPILER_APPICON_NAME = AppIcon;
				ASSETCATALOG_COMPILER_GLOBAL_ACCENT_COLOR_NAME = AccentColor;
				CODE_SIGN_STYLE = Automatic;
				CURRENT_PROJECT_VERSION = 1;
				DEVELOPMENT_ASSET_PATHS = "\"SweetTreats/Preview Content\"";
				DEVELOPMENT_TEAM = B6D4WCK28L;
				ENABLE_PREVIEWS = YES;
				GENERATE_INFOPLIST_FILE = YES;
				INFOPLIST_KEY_UIApplicationSceneManifest_Generation = YES;
				INFOPLIST_KEY_UIApplicationSupportsIndirectInputEvents = YES;
				INFOPLIST_KEY_UILaunchScreen_Generation = YES;
				INFOPLIST_KEY_UISupportedInterfaceOrientations_iPad = "UIInterfaceOrientationPortrait UIInterfaceOrientationPortraitUpsideDown UIInterfaceOrientationLandscapeLeft UIInterfaceOrientationLandscapeRight";
				INFOPLIST_KEY_UISupportedInterfaceOrientations_iPhone = "UIInterfaceOrientationPortrait UIInterfaceOrientationLandscapeLeft UIInterfaceOrientationLandscapeRight";
				LD_RUNPATH_SEARCH_PATHS = (
					"$(inherited)",
					"@executable_path/Frameworks",
				);
				MARKETING_VERSION = 1.0;
				PRODUCT_BUNDLE_IDENTIFIER = cquagliani.SweetTreats;
				PRODUCT_NAME = "$(TARGET_NAME)";
				SWIFT_EMIT_LOC_STRINGS = YES;
				SWIFT_VERSION = 5.0;
				TARGETED_DEVICE_FAMILY = "1,2";
			};
			name = Release;
		};
/* End XCBuildConfiguration section */

/* Begin XCConfigurationList section */
		211D6AEB2AFF06B400F4F0F3 /* Build configuration list for PBXNativeTarget "AllDessertsViewTests" */ = {
			isa = XCConfigurationList;
			buildConfigurations = (
				211D6AEC2AFF06B400F4F0F3 /* Debug */,
				211D6AED2AFF06B400F4F0F3 /* Release */,
			);
			defaultConfigurationIsVisible = 0;
			defaultConfigurationName = Release;
		};
		213DA46A2AF9DC3500C2317D /* Build configuration list for PBXProject "SweetTreats" */ = {
			isa = XCConfigurationList;
			buildConfigurations = (
				213DA47B2AF9DC3600C2317D /* Debug */,
				213DA47C2AF9DC3600C2317D /* Release */,
			);
			defaultConfigurationIsVisible = 0;
			defaultConfigurationName = Release;
		};
		213DA47D2AF9DC3600C2317D /* Build configuration list for PBXNativeTarget "SweetTreats" */ = {
			isa = XCConfigurationList;
			buildConfigurations = (
				213DA47E2AF9DC3600C2317D /* Debug */,
				213DA47F2AF9DC3600C2317D /* Release */,
			);
			defaultConfigurationIsVisible = 0;
			defaultConfigurationName = Release;
		};
/* End XCConfigurationList section */
	};
	rootObject = 213DA4672AF9DC3500C2317D /* Project object */;
}
